
Microsoft Visual Studio Solution File, Format Version 12.00
# Visual Studio Version 17
Project("{2150E333-8FDC-42A3-9474-1A3956D46DE8}") = "CMakePredefinedTargets", "CMakePredefinedTargets", "{E5A47814-9031-3C3E-8BCF-1C2EED54F988}"
EndProject
Project("{2150E333-8FDC-42A3-9474-1A3956D46DE8}") = "GLFW3", "GLFW3", "{8132C1CB-FC14-3225-A9DC-1828BC9CF592}"
EndProject
Project("{2150E333-8FDC-42A3-9474-1A3956D46DE8}") = "Examples", "GLFW3\Examples", "{1DF7CA99-5A78-38D9-8122-BCBD664F5040}"
EndProject
Project("{2150E333-8FDC-42A3-9474-1A3956D46DE8}") = "Tests", "GLFW3\Tests", "{16D64302-7E07-3C7C-912A-9B030B958C6F}"
EndProject
Project("{8BC9CEB8-8B4A-11D0-8D11-00A0C91BC942}") = "ALL_BUILD", "ALL_BUILD.vcxproj", "{6F17C0A7-33F9-393A-9BD2-90F972D03A19}"
	ProjectSection(ProjectDependencies) = postProject
		{E631B937-A59A-39AD-BE13-5DF2BCCFDB3C} = {E631B937-A59A-39AD-BE13-5DF2BCCFDB3C}
		{89BF7A8B-8854-3E19-B1C2-4FB2FFFB224D} = {89BF7A8B-8854-3E19-B1C2-4FB2FFFB224D}
		{A88D8C99-C348-3F2D-893D-B21C3EB06E74} = {A88D8C99-C348-3F2D-893D-B21C3EB06E74}
		{B505F7B5-49E8-3FAA-BF47-AB4DDF7B0496} = {B505F7B5-49E8-3FAA-BF47-AB4DDF7B0496}
		{9BCCC796-BDDA-3154-8B04-3104FFE3EEBF} = {9BCCC796-BDDA-3154-8B04-3104FFE3EEBF}
		{96F131DC-B38A-3A6A-B039-43E20A962234} = {96F131DC-B38A-3A6A-B039-43E20A962234}
		{475294E2-EDEA-33C4-9F3F-D58FC9CC2C54} = {475294E2-EDEA-33C4-9F3F-D58FC9CC2C54}
		{8B34DC3F-9B97-3F80-804F-CFDF083D0914} = {8B34DC3F-9B97-3F80-804F-CFDF083D0914}
		{094EDCD5-4009-3D6A-9D71-5BD7F34013E7} = {094EDCD5-4009-3D6A-9D71-5BD7F34013E7}
		{DB089834-9286-3062-ADD9-ADD15725170D} = {DB089834-9286-3062-ADD9-ADD15725170D}
		{E3C05E01-E565-30E2-99A3-18BC7D48F394} = {E3C05E01-E565-30E2-99A3-18BC7D48F394}
		{36E87835-0CFE-322F-8DD5-348C10C1F015} = {36E87835-0CFE-322F-8DD5-348C10C1F015}
		{2C8CBE48-94E7-386D-8E62-B4D0C2F9449E} = {2C8CBE48-94E7-386D-8E62-B4D0C2F9449E}
		{40915615-8897-3833-AFE7-4A276E0CC6A9} = {40915615-8897-3833-AFE7-4A276E0CC6A9}
		{68E946FB-BE0A-3859-AFC3-3893D4E2E408} = {68E946FB-BE0A-3859-AFC3-3893D4E2E408}
		{C6076136-3385-3EE7-98E6-FEFB49F47597} = {C6076136-3385-3EE7-98E6-FEFB49F47597}
		{1DC256CB-012E-3209-B33B-697F60335D2D} = {1DC256CB-012E-3209-B33B-697F60335D2D}
		{11C482C1-9BF8-3673-93D9-2FBA3D1C5BF9} = {11C482C1-9BF8-3673-93D9-2FBA3D1C5BF9}
		{76B656F2-A602-3AF7-84F6-84B5DAD8C2FD} = {76B656F2-A602-3AF7-84F6-84B5DAD8C2FD}
		{0A83E04E-6329-3E77-8E3C-3664D49E8362} = {0A83E04E-6329-3E77-8E3C-3664D49E8362}
		{A4892123-ED1B-3044-9E88-BEB11F755536} = {A4892123-ED1B-3044-9E88-BEB11F755536}
		{81CA9D67-5F80-38B6-ABC0-EFB6D465FD38} = {81CA9D67-5F80-38B6-ABC0-EFB6D465FD38}
		{9FB786F5-A978-3AA0-ACD1-C597E72D9C8F} = {9FB786F5-A978-3AA0-ACD1-C597E72D9C8F}
		{BC346D64-0400-3924-BF51-05F863D10CBC} = {BC346D64-0400-3924-BF51-05F863D10CBC}
		{D64BF82C-BF77-30D2-BBCF-8B57129E830F} = {D64BF82C-BF77-30D2-BBCF-8B57129E830F}
		{054248A4-72FB-389A-9FF7-53F420410F93} = {054248A4-72FB-389A-9FF7-53F420410F93}
		{16D0F6E8-64B7-3409-8A87-A52981AE8F42} = {16D0F6E8-64B7-3409-8A87-A52981AE8F42}
		{ADBC41E0-20E5-3D1C-B128-DD1F17A91ABB} = {ADBC41E0-20E5-3D1C-B128-DD1F17A91ABB}
		{643DD1C5-3BEC-3A47-9206-2EBBC867AB3D} = {643DD1C5-3BEC-3A47-9206-2EBBC867AB3D}
		{535A8B8F-D787-3A10-BC58-8E65DF8350EB} = {535A8B8F-D787-3A10-BC58-8E65DF8350EB}
		{01A0A32D-2BE8-3F5B-AE12-ADBA956C2B8F} = {01A0A32D-2BE8-3F5B-AE12-ADBA956C2B8F}
		{E6F96C37-7F24-33D2-B17C-EEDB351DD9F9} = {E6F96C37-7F24-33D2-B17C-EEDB351DD9F9}
		{01A54B23-8E6D-3213-8E18-1F1CD500A0B1} = {01A54B23-8E6D-3213-8E18-1F1CD500A0B1}
	EndProjectSection
EndProject
Project("{8BC9CEB8-8B4A-11D0-8D11-00A0C91BC942}") = "INSTALL", "INSTALL.vcxproj", "{66698464-8426-3EA4-BFE0-AD92DD0065CE}"
	ProjectSection(ProjectDependencies) = postProject
		{6F17C0A7-33F9-393A-9BD2-90F972D03A19} = {6F17C0A7-33F9-393A-9BD2-90F972D03A19}
		{E631B937-A59A-39AD-BE13-5DF2BCCFDB3C} = {E631B937-A59A-39AD-BE13-5DF2BCCFDB3C}
	EndProjectSection
EndProject
Project("{8BC9CEB8-8B4A-11D0-8D11-00A0C91BC942}") = "ZERO_CHECK", "ZERO_CHECK.vcxproj", "{E631B937-A59A-39AD-BE13-5DF2BCCFDB3C}"
	ProjectSection(ProjectDependencies) = postProject
	EndProjectSection
EndProject
Project("{8BC9CEB8-8B4A-11D0-8D11-00A0C91BC942}") = "allocator", "tests\allocator.vcxproj", "{89BF7A8B-8854-3E19-B1C2-4FB2FFFB224D}"
	ProjectSection(ProjectDependencies) = postProject
		{E631B937-A59A-39AD-BE13-5DF2BCCFDB3C} = {E631B937-A59A-39AD-BE13-5DF2BCCFDB3C}
		{DB089834-9286-3062-ADD9-ADD15725170D} = {DB089834-9286-3062-ADD9-ADD15725170D}
	EndProjectSection
EndProject
Project("{8BC9CEB8-8B4A-11D0-8D11-00A0C91BC942}") = "boing", "examples\boing.vcxproj", "{A88D8C99-C348-3F2D-893D-B21C3EB06E74}"
	ProjectSection(ProjectDependencies) = postProject
		{E631B937-A59A-39AD-BE13-5DF2BCCFDB3C} = {E631B937-A59A-39AD-BE13-5DF2BCCFDB3C}
		{DB089834-9286-3062-ADD9-ADD15725170D} = {DB089834-9286-3062-ADD9-ADD15725170D}
	EndProjectSection
EndProject
Project("{8BC9CEB8-8B4A-11D0-8D11-00A0C91BC942}") = "clipboard", "tests\clipboard.vcxproj", "{B505F7B5-49E8-3FAA-BF47-AB4DDF7B0496}"
	ProjectSection(ProjectDependencies) = postProject
		{E631B937-A59A-39AD-BE13-5DF2BCCFDB3C} = {E631B937-A59A-39AD-BE13-5DF2BCCFDB3C}
		{DB089834-9286-3062-ADD9-ADD15725170D} = {DB089834-9286-3062-ADD9-ADD15725170D}
	EndProjectSection
EndProject
Project("{8BC9CEB8-8B4A-11D0-8D11-00A0C91BC942}") = "cursor", "tests\cursor.vcxproj", "{9BCCC796-BDDA-3154-8B04-3104FFE3EEBF}"
	ProjectSection(ProjectDependencies) = postProject
		{E631B937-A59A-39AD-BE13-5DF2BCCFDB3C} = {E631B937-A59A-39AD-BE13-5DF2BCCFDB3C}
		{DB089834-9286-3062-ADD9-ADD15725170D} = {DB089834-9286-3062-ADD9-ADD15725170D}
	EndProjectSection
EndProject
Project("{8BC9CEB8-8B4A-11D0-8D11-00A0C91BC942}") = "empty", "tests\empty.vcxproj", "{96F131DC-B38A-3A6A-B039-43E20A962234}"
	ProjectSection(ProjectDependencies) = postProject
		{E631B937-A59A-39AD-BE13-5DF2BCCFDB3C} = {E631B937-A59A-39AD-BE13-5DF2BCCFDB3C}
		{DB089834-9286-3062-ADD9-ADD15725170D} = {DB089834-9286-3062-ADD9-ADD15725170D}
	EndProjectSection
EndProject
Project("{8BC9CEB8-8B4A-11D0-8D11-00A0C91BC942}") = "events", "tests\events.vcxproj", "{475294E2-EDEA-33C4-9F3F-D58FC9CC2C54}"
	ProjectSection(ProjectDependencies) = postProject
		{E631B937-A59A-39AD-BE13-5DF2BCCFDB3C} = {E631B937-A59A-39AD-BE13-5DF2BCCFDB3C}
		{DB089834-9286-3062-ADD9-ADD15725170D} = {DB089834-9286-3062-ADD9-ADD15725170D}
	EndProjectSection
EndProject
Project("{8BC9CEB8-8B4A-11D0-8D11-00A0C91BC942}") = "gamma", "tests\gamma.vcxproj", "{8B34DC3F-9B97-3F80-804F-CFDF083D0914}"
	ProjectSection(ProjectDependencies) = postProject
		{E631B937-A59A-39AD-BE13-5DF2BCCFDB3C} = {E631B937-A59A-39AD-BE13-5DF2BCCFDB3C}
		{DB089834-9286-3062-ADD9-ADD15725170D} = {DB089834-9286-3062-ADD9-ADD15725170D}
	EndProjectSection
EndProject
Project("{8BC9CEB8-8B4A-11D0-8D11-00A0C91BC942}") = "gears", "examples\gears.vcxproj", "{094EDCD5-4009-3D6A-9D71-5BD7F34013E7}"
	ProjectSection(ProjectDependencies) = postProject
		{E631B937-A59A-39AD-BE13-5DF2BCCFDB3C} = {E631B937-A59A-39AD-BE13-5DF2BCCFDB3C}
		{DB089834-9286-3062-ADD9-ADD15725170D} = {DB089834-9286-3062-ADD9-ADD15725170D}
	EndProjectSection
EndProject
Project("{8BC9CEB8-8B4A-11D0-8D11-00A0C91BC942}") = "glfw", "src\glfw.vcxproj", "{DB089834-9286-3062-ADD9-ADD15725170D}"
	ProjectSection(ProjectDependencies) = postProject
		{E631B937-A59A-39AD-BE13-5DF2BCCFDB3C} = {E631B937-A59A-39AD-BE13-5DF2BCCFDB3C}
	EndProjectSection
EndProject
Project("{8BC9CEB8-8B4A-11D0-8D11-00A0C91BC942}") = "glfwinfo", "tests\glfwinfo.vcxproj", "{E3C05E01-E565-30E2-99A3-18BC7D48F394}"
	ProjectSection(ProjectDependencies) = postProject
		{E631B937-A59A-39AD-BE13-5DF2BCCFDB3C} = {E631B937-A59A-39AD-BE13-5DF2BCCFDB3C}
		{DB089834-9286-3062-ADD9-ADD15725170D} = {DB089834-9286-3062-ADD9-ADD15725170D}
	EndProjectSection
EndProject
Project("{8BC9CEB8-8B4A-11D0-8D11-00A0C91BC942}") = "heightmap", "examples\heightmap.vcxproj", "{36E87835-0CFE-322F-8DD5-348C10C1F015}"
	ProjectSection(ProjectDependencies) = postProject
		{E631B937-A59A-39AD-BE13-5DF2BCCFDB3C} = {E631B937-A59A-39AD-BE13-5DF2BCCFDB3C}
		{DB089834-9286-3062-ADD9-ADD15725170D} = {DB089834-9286-3062-ADD9-ADD15725170D}
	EndProjectSection
EndProject
Project("{8BC9CEB8-8B4A-11D0-8D11-00A0C91BC942}") = "icon", "tests\icon.vcxproj", "{2C8CBE48-94E7-386D-8E62-B4D0C2F9449E}"
	ProjectSection(ProjectDependencies) = postProject
		{E631B937-A59A-39AD-BE13-5DF2BCCFDB3C} = {E631B937-A59A-39AD-BE13-5DF2BCCFDB3C}
		{DB089834-9286-3062-ADD9-ADD15725170D} = {DB089834-9286-3062-ADD9-ADD15725170D}
	EndProjectSection
EndProject
Project("{8BC9CEB8-8B4A-11D0-8D11-00A0C91BC942}") = "iconify", "tests\iconify.vcxproj", "{40915615-8897-3833-AFE7-4A276E0CC6A9}"
	ProjectSection(ProjectDependencies) = postProject
		{E631B937-A59A-39AD-BE13-5DF2BCCFDB3C} = {E631B937-A59A-39AD-BE13-5DF2BCCFDB3C}
		{DB089834-9286-3062-ADD9-ADD15725170D} = {DB089834-9286-3062-ADD9-ADD15725170D}
	EndProjectSection
EndProject
Project("{8BC9CEB8-8B4A-11D0-8D11-00A0C91BC942}") = "inputlag", "tests\inputlag.vcxproj", "{68E946FB-BE0A-3859-AFC3-3893D4E2E408}"
	ProjectSection(ProjectDependencies) = postProject
		{E631B937-A59A-39AD-BE13-5DF2BCCFDB3C} = {E631B937-A59A-39AD-BE13-5DF2BCCFDB3C}
		{DB089834-9286-3062-ADD9-ADD15725170D} = {DB089834-9286-3062-ADD9-ADD15725170D}
	EndProjectSection
EndProject
Project("{8BC9CEB8-8B4A-11D0-8D11-00A0C91BC942}") = "joysticks", "tests\joysticks.vcxproj", "{C6076136-3385-3EE7-98E6-FEFB49F47597}"
	ProjectSection(ProjectDependencies) = postProject
		{E631B937-A59A-39AD-BE13-5DF2BCCFDB3C} = {E631B937-A59A-39AD-BE13-5DF2BCCFDB3C}
		{DB089834-9286-3062-ADD9-ADD15725170D} = {DB089834-9286-3062-ADD9-ADD15725170D}
	EndProjectSection
EndProject
Project("{8BC9CEB8-8B4A-11D0-8D11-00A0C91BC942}") = "monitors", "tests\monitors.vcxproj", "{1DC256CB-012E-3209-B33B-697F60335D2D}"
	ProjectSection(ProjectDependencies) = postProject
		{E631B937-A59A-39AD-BE13-5DF2BCCFDB3C} = {E631B937-A59A-39AD-BE13-5DF2BCCFDB3C}
		{DB089834-9286-3062-ADD9-ADD15725170D} = {DB089834-9286-3062-ADD9-ADD15725170D}
	EndProjectSection
EndProject
Project("{8BC9CEB8-8B4A-11D0-8D11-00A0C91BC942}") = "msaa", "tests\msaa.vcxproj", "{11C482C1-9BF8-3673-93D9-2FBA3D1C5BF9}"
	ProjectSection(ProjectDependencies) = postProject
		{E631B937-A59A-39AD-BE13-5DF2BCCFDB3C} = {E631B937-A59A-39AD-BE13-5DF2BCCFDB3C}
		{DB089834-9286-3062-ADD9-ADD15725170D} = {DB089834-9286-3062-ADD9-ADD15725170D}
	EndProjectSection
EndProject
Project("{8BC9CEB8-8B4A-11D0-8D11-00A0C91BC942}") = "offscreen", "examples\offscreen.vcxproj", "{76B656F2-A602-3AF7-84F6-84B5DAD8C2FD}"
	ProjectSection(ProjectDependencies) = postProject
		{E631B937-A59A-39AD-BE13-5DF2BCCFDB3C} = {E631B937-A59A-39AD-BE13-5DF2BCCFDB3C}
		{DB089834-9286-3062-ADD9-ADD15725170D} = {DB089834-9286-3062-ADD9-ADD15725170D}
	EndProjectSection
EndProject
Project("{8BC9CEB8-8B4A-11D0-8D11-00A0C91BC942}") = "particles", "examples\particles.vcxproj", "{0A83E04E-6329-3E77-8E3C-3664D49E8362}"
	ProjectSection(ProjectDependencies) = postProject
		{E631B937-A59A-39AD-BE13-5DF2BCCFDB3C} = {E631B937-A59A-39AD-BE13-5DF2BCCFDB3C}
		{DB089834-9286-3062-ADD9-ADD15725170D} = {DB089834-9286-3062-ADD9-ADD15725170D}
	EndProjectSection
EndProject
Project("{8BC9CEB8-8B4A-11D0-8D11-00A0C91BC942}") = "reopen", "tests\reopen.vcxproj", "{A4892123-ED1B-3044-9E88-BEB11F755536}"
	ProjectSection(ProjectDependencies) = postProject
		{E631B937-A59A-39AD-BE13-5DF2BCCFDB3C} = {E631B937-A59A-39AD-BE13-5DF2BCCFDB3C}
		{DB089834-9286-3062-ADD9-ADD15725170D} = {DB089834-9286-3062-ADD9-ADD15725170D}
	EndProjectSection
EndProject
Project("{8BC9CEB8-8B4A-11D0-8D11-00A0C91BC942}") = "sharing", "examples\sharing.vcxproj", "{81CA9D67-5F80-38B6-ABC0-EFB6D465FD38}"
	ProjectSection(ProjectDependencies) = postProject
		{E631B937-A59A-39AD-BE13-5DF2BCCFDB3C} = {E631B937-A59A-39AD-BE13-5DF2BCCFDB3C}
		{DB089834-9286-3062-ADD9-ADD15725170D} = {DB089834-9286-3062-ADD9-ADD15725170D}
	EndProjectSection
EndProject
Project("{8BC9CEB8-8B4A-11D0-8D11-00A0C91BC942}") = "splitview", "examples\splitview.vcxproj", "{9FB786F5-A978-3AA0-ACD1-C597E72D9C8F}"
	ProjectSection(ProjectDependencies) = postProject
		{E631B937-A59A-39AD-BE13-5DF2BCCFDB3C} = {E631B937-A59A-39AD-BE13-5DF2BCCFDB3C}
		{DB089834-9286-3062-ADD9-ADD15725170D} = {DB089834-9286-3062-ADD9-ADD15725170D}
	EndProjectSection
EndProject
Project("{8BC9CEB8-8B4A-11D0-8D11-00A0C91BC942}") = "tearing", "tests\tearing.vcxproj", "{BC346D64-0400-3924-BF51-05F863D10CBC}"
	ProjectSection(ProjectDependencies) = postProject
		{E631B937-A59A-39AD-BE13-5DF2BCCFDB3C} = {E631B937-A59A-39AD-BE13-5DF2BCCFDB3C}
		{DB089834-9286-3062-ADD9-ADD15725170D} = {DB089834-9286-3062-ADD9-ADD15725170D}
	EndProjectSection
EndProject
Project("{8BC9CEB8-8B4A-11D0-8D11-00A0C91BC942}") = "threads", "tests\threads.vcxproj", "{D64BF82C-BF77-30D2-BBCF-8B57129E830F}"
	ProjectSection(ProjectDependencies) = postProject
		{E631B937-A59A-39AD-BE13-5DF2BCCFDB3C} = {E631B937-A59A-39AD-BE13-5DF2BCCFDB3C}
		{DB089834-9286-3062-ADD9-ADD15725170D} = {DB089834-9286-3062-ADD9-ADD15725170D}
	EndProjectSection
EndProject
Project("{8BC9CEB8-8B4A-11D0-8D11-00A0C91BC942}") = "timeout", "tests\timeout.vcxproj", "{054248A4-72FB-389A-9FF7-53F420410F93}"
	ProjectSection(ProjectDependencies) = postProject
		{E631B937-A59A-39AD-BE13-5DF2BCCFDB3C} = {E631B937-A59A-39AD-BE13-5DF2BCCFDB3C}
		{DB089834-9286-3062-ADD9-ADD15725170D} = {DB089834-9286-3062-ADD9-ADD15725170D}
	EndProjectSection
EndProject
Project("{8BC9CEB8-8B4A-11D0-8D11-00A0C91BC942}") = "title", "tests\title.vcxproj", "{16D0F6E8-64B7-3409-8A87-A52981AE8F42}"
	ProjectSection(ProjectDependencies) = postProject
		{E631B937-A59A-39AD-BE13-5DF2BCCFDB3C} = {E631B937-A59A-39AD-BE13-5DF2BCCFDB3C}
		{DB089834-9286-3062-ADD9-ADD15725170D} = {DB089834-9286-3062-ADD9-ADD15725170D}
	EndProjectSection
EndProject
Project("{8BC9CEB8-8B4A-11D0-8D11-00A0C91BC942}") = "triangle-opengl", "examples\triangle-opengl.vcxproj", "{ADBC41E0-20E5-3D1C-B128-DD1F17A91ABB}"
	ProjectSection(ProjectDependencies) = postProject
		{E631B937-A59A-39AD-BE13-5DF2BCCFDB3C} = {E631B937-A59A-39AD-BE13-5DF2BCCFDB3C}
		{DB089834-9286-3062-ADD9-ADD15725170D} = {DB089834-9286-3062-ADD9-ADD15725170D}
	EndProjectSection
EndProject
Project("{8BC9CEB8-8B4A-11D0-8D11-00A0C91BC942}") = "triangle-opengles", "examples\triangle-opengles.vcxproj", "{643DD1C5-3BEC-3A47-9206-2EBBC867AB3D}"
	ProjectSection(ProjectDependencies) = postProject
		{E631B937-A59A-39AD-BE13-5DF2BCCFDB3C} = {E631B937-A59A-39AD-BE13-5DF2BCCFDB3C}
		{DB089834-9286-3062-ADD9-ADD15725170D} = {DB089834-9286-3062-ADD9-ADD15725170D}
	EndProjectSection
EndProject
Project("{8BC9CEB8-8B4A-11D0-8D11-00A0C91BC942}") = "triangle-vulkan", "tests\triangle-vulkan.vcxproj", "{535A8B8F-D787-3A10-BC58-8E65DF8350EB}"
	ProjectSection(ProjectDependencies) = postProject
		{E631B937-A59A-39AD-BE13-5DF2BCCFDB3C} = {E631B937-A59A-39AD-BE13-5DF2BCCFDB3C}
		{DB089834-9286-3062-ADD9-ADD15725170D} = {DB089834-9286-3062-ADD9-ADD15725170D}
	EndProjectSection
EndProject
Project("{8BC9CEB8-8B4A-11D0-8D11-00A0C91BC942}") = "uninstall", "uninstall.vcxproj", "{DB3C0722-CAB1-35DC-B705-5EE784DA8FEE}"
	ProjectSection(ProjectDependencies) = postProject
		{E631B937-A59A-39AD-BE13-5DF2BCCFDB3C} = {E631B937-A59A-39AD-BE13-5DF2BCCFDB3C}
	EndProjectSection
EndProject
Project("{8BC9CEB8-8B4A-11D0-8D11-00A0C91BC942}") = "update_mappings", "src\update_mappings.vcxproj", "{320CFFE8-8771-3827-9FE4-55816E319532}"
	ProjectSection(ProjectDependencies) = postProject
		{E631B937-A59A-39AD-BE13-5DF2BCCFDB3C} = {E631B937-A59A-39AD-BE13-5DF2BCCFDB3C}
	EndProjectSection
EndProject
Project("{8BC9CEB8-8B4A-11D0-8D11-00A0C91BC942}") = "wave", "examples\wave.vcxproj", "{01A0A32D-2BE8-3F5B-AE12-ADBA956C2B8F}"
	ProjectSection(ProjectDependencies) = postProject
		{E631B937-A59A-39AD-BE13-5DF2BCCFDB3C} = {E631B937-A59A-39AD-BE13-5DF2BCCFDB3C}
		{DB089834-9286-3062-ADD9-ADD15725170D} = {DB089834-9286-3062-ADD9-ADD15725170D}
	EndProjectSection
EndProject
Project("{8BC9CEB8-8B4A-11D0-8D11-00A0C91BC942}") = "window", "tests\window.vcxproj", "{E6F96C37-7F24-33D2-B17C-EEDB351DD9F9}"
	ProjectSection(ProjectDependencies) = postProject
		{E631B937-A59A-39AD-BE13-5DF2BCCFDB3C} = {E631B937-A59A-39AD-BE13-5DF2BCCFDB3C}
		{DB089834-9286-3062-ADD9-ADD15725170D} = {DB089834-9286-3062-ADD9-ADD15725170D}
	EndProjectSection
EndProject
Project("{8BC9CEB8-8B4A-11D0-8D11-00A0C91BC942}") = "windows", "examples\windows.vcxproj", "{01A54B23-8E6D-3213-8E18-1F1CD500A0B1}"
	ProjectSection(ProjectDependencies) = postProject
		{E631B937-A59A-39AD-BE13-5DF2BCCFDB3C} = {E631B937-A59A-39AD-BE13-5DF2BCCFDB3C}
		{DB089834-9286-3062-ADD9-ADD15725170D} = {DB089834-9286-3062-ADD9-ADD15725170D}
	EndProjectSection
EndProject
Global
	GlobalSection(SolutionConfigurationPlatforms) = preSolution
		Debug|x64 = Debug|x64
		Release|x64 = Release|x64
		MinSizeRel|x64 = MinSizeRel|x64
		RelWithDebInfo|x64 = RelWithDebInfo|x64
	EndGlobalSection
	GlobalSection(ProjectConfigurationPlatforms) = postSolution
		{6F17C0A7-33F9-393A-9BD2-90F972D03A19}.Debug|x64.ActiveCfg = Debug|x64
		{6F17C0A7-33F9-393A-9BD2-90F972D03A19}.Debug|x64.Build.0 = Debug|x64
		{6F17C0A7-33F9-393A-9BD2-90F972D03A19}.Release|x64.ActiveCfg = Release|x64
		{6F17C0A7-33F9-393A-9BD2-90F972D03A19}.Release|x64.Build.0 = Release|x64
		{6F17C0A7-33F9-393A-9BD2-90F972D03A19}.MinSizeRel|x64.ActiveCfg = MinSizeRel|x64
		{6F17C0A7-33F9-393A-9BD2-90F972D03A19}.MinSizeRel|x64.Build.0 = MinSizeRel|x64
		{6F17C0A7-33F9-393A-9BD2-90F972D03A19}.RelWithDebInfo|x64.ActiveCfg = RelWithDebInfo|x64
		{6F17C0A7-33F9-393A-9BD2-90F972D03A19}.RelWithDebInfo|x64.Build.0 = RelWithDebInfo|x64
		{66698464-8426-3EA4-BFE0-AD92DD0065CE}.Debug|x64.ActiveCfg = Debug|x64
		{66698464-8426-3EA4-BFE0-AD92DD0065CE}.Release|x64.ActiveCfg = Release|x64
		{66698464-8426-3EA4-BFE0-AD92DD0065CE}.MinSizeRel|x64.ActiveCfg = MinSizeRel|x64
		{66698464-8426-3EA4-BFE0-AD92DD0065CE}.RelWithDebInfo|x64.ActiveCfg = RelWithDebInfo|x64
		{E631B937-A59A-39AD-BE13-5DF2BCCFDB3C}.Debug|x64.ActiveCfg = Debug|x64
		{E631B937-A59A-39AD-BE13-5DF2BCCFDB3C}.Debug|x64.Build.0 = Debug|x64
		{E631B937-A59A-39AD-BE13-5DF2BCCFDB3C}.Release|x64.ActiveCfg = Release|x64
		{E631B937-A59A-39AD-BE13-5DF2BCCFDB3C}.Release|x64.Build.0 = Release|x64
		{E631B937-A59A-39AD-BE13-5DF2BCCFDB3C}.MinSizeRel|x64.ActiveCfg = MinSizeRel|x64
		{E631B937-A59A-39AD-BE13-5DF2BCCFDB3C}.MinSizeRel|x64.Build.0 = MinSizeRel|x64
		{E631B937-A59A-39AD-BE13-5DF2BCCFDB3C}.RelWithDebInfo|x64.ActiveCfg = RelWithDebInfo|x64
		{E631B937-A59A-39AD-BE13-5DF2BCCFDB3C}.RelWithDebInfo|x64.Build.0 = RelWithDebInfo|x64
		{89BF7A8B-8854-3E19-B1C2-4FB2FFFB224D}.Debug|x64.ActiveCfg = Debug|x64
		{89BF7A8B-8854-3E19-B1C2-4FB2FFFB224D}.Debug|x64.Build.0 = Debug|x64
		{89BF7A8B-8854-3E19-B1C2-4FB2FFFB224D}.Release|x64.ActiveCfg = Release|x64
		{89BF7A8B-8854-3E19-B1C2-4FB2FFFB224D}.Release|x64.Build.0 = Release|x64
		{89BF7A8B-8854-3E19-B1C2-4FB2FFFB224D}.MinSizeRel|x64.ActiveCfg = MinSizeRel|x64
		{89BF7A8B-8854-3E19-B1C2-4FB2FFFB224D}.MinSizeRel|x64.Build.0 = MinSizeRel|x64
		{89BF7A8B-8854-3E19-B1C2-4FB2FFFB224D}.RelWithDebInfo|x64.ActiveCfg = RelWithDebInfo|x64
		{89BF7A8B-8854-3E19-B1C2-4FB2FFFB224D}.RelWithDebInfo|x64.Build.0 = RelWithDebInfo|x64
		{A88D8C99-C348-3F2D-893D-B21C3EB06E74}.Debug|x64.ActiveCfg = Debug|x64
		{A88D8C99-C348-3F2D-893D-B21C3EB06E74}.Debug|x64.Build.0 = Debug|x64
		{A88D8C99-C348-3F2D-893D-B21C3EB06E74}.Release|x64.ActiveCfg = Release|x64
		{A88D8C99-C348-3F2D-893D-B21C3EB06E74}.Release|x64.Build.0 = Release|x64
		{A88D8C99-C348-3F2D-893D-B21C3EB06E74}.MinSizeRel|x64.ActiveCfg = MinSizeRel|x64
		{A88D8C99-C348-3F2D-893D-B21C3EB06E74}.MinSizeRel|x64.Build.0 = MinSizeRel|x64
		{A88D8C99-C348-3F2D-893D-B21C3EB06E74}.RelWithDebInfo|x64.ActiveCfg = RelWithDebInfo|x64
		{A88D8C99-C348-3F2D-893D-B21C3EB06E74}.RelWithDebInfo|x64.Build.0 = RelWithDebInfo|x64
		{B505F7B5-49E8-3FAA-BF47-AB4DDF7B0496}.Debug|x64.ActiveCfg = Debug|x64
		{B505F7B5-49E8-3FAA-BF47-AB4DDF7B0496}.Debug|x64.Build.0 = Debug|x64
		{B505F7B5-49E8-3FAA-BF47-AB4DDF7B0496}.Release|x64.ActiveCfg = Release|x64
		{B505F7B5-49E8-3FAA-BF47-AB4DDF7B0496}.Release|x64.Build.0 = Release|x64
		{B505F7B5-49E8-3FAA-BF47-AB4DDF7B0496}.MinSizeRel|x64.ActiveCfg = MinSizeRel|x64
		{B505F7B5-49E8-3FAA-BF47-AB4DDF7B0496}.MinSizeRel|x64.Build.0 = MinSizeRel|x64
		{B505F7B5-49E8-3FAA-BF47-AB4DDF7B0496}.RelWithDebInfo|x64.ActiveCfg = RelWithDebInfo|x64
		{B505F7B5-49E8-3FAA-BF47-AB4DDF7B0496}.RelWithDebInfo|x64.Build.0 = RelWithDebInfo|x64
		{9BCCC796-BDDA-3154-8B04-3104FFE3EEBF}.Debug|x64.ActiveCfg = Debug|x64
		{9BCCC796-BDDA-3154-8B04-3104FFE3EEBF}.Debug|x64.Build.0 = Debug|x64
		{9BCCC796-BDDA-3154-8B04-3104FFE3EEBF}.Release|x64.ActiveCfg = Release|x64
		{9BCCC796-BDDA-3154-8B04-3104FFE3EEBF}.Release|x64.Build.0 = Release|x64
		{9BCCC796-BDDA-3154-8B04-3104FFE3EEBF}.MinSizeRel|x64.ActiveCfg = MinSizeRel|x64
		{9BCCC796-BDDA-3154-8B04-3104FFE3EEBF}.MinSizeRel|x64.Build.0 = MinSizeRel|x64
		{9BCCC796-BDDA-3154-8B04-3104FFE3EEBF}.RelWithDebInfo|x64.ActiveCfg = RelWithDebInfo|x64
		{9BCCC796-BDDA-3154-8B04-3104FFE3EEBF}.RelWithDebInfo|x64.Build.0 = RelWithDebInfo|x64
		{96F131DC-B38A-3A6A-B039-43E20A962234}.Debug|x64.ActiveCfg = Debug|x64
		{96F131DC-B38A-3A6A-B039-43E20A962234}.Debug|x64.Build.0 = Debug|x64
		{96F131DC-B38A-3A6A-B039-43E20A962234}.Release|x64.ActiveCfg = Release|x64
		{96F131DC-B38A-3A6A-B039-43E20A962234}.Release|x64.Build.0 = Release|x64
		{96F131DC-B38A-3A6A-B039-43E20A962234}.MinSizeRel|x64.ActiveCfg = MinSizeRel|x64
		{96F131DC-B38A-3A6A-B039-43E20A962234}.MinSizeRel|x64.Build.0 = MinSizeRel|x64
		{96F131DC-B38A-3A6A-B039-43E20A962234}.RelWithDebInfo|x64.ActiveCfg = RelWithDebInfo|x64
		{96F131DC-B38A-3A6A-B039-43E20A962234}.RelWithDebInfo|x64.Build.0 = RelWithDebInfo|x64
		{475294E2-EDEA-33C4-9F3F-D58FC9CC2C54}.Debug|x64.ActiveCfg = Debug|x64
		{475294E2-EDEA-33C4-9F3F-D58FC9CC2C54}.Debug|x64.Build.0 = Debug|x64
		{475294E2-EDEA-33C4-9F3F-D58FC9CC2C54}.Release|x64.ActiveCfg = Release|x64
		{475294E2-EDEA-33C4-9F3F-D58FC9CC2C54}.Release|x64.Build.0 = Release|x64
		{475294E2-EDEA-33C4-9F3F-D58FC9CC2C54}.MinSizeRel|x64.ActiveCfg = MinSizeRel|x64
		{475294E2-EDEA-33C4-9F3F-D58FC9CC2C54}.MinSizeRel|x64.Build.0 = MinSizeRel|x64
		{475294E2-EDEA-33C4-9F3F-D58FC9CC2C54}.RelWithDebInfo|x64.ActiveCfg = RelWithDebInfo|x64
		{475294E2-EDEA-33C4-9F3F-D58FC9CC2C54}.RelWithDebInfo|x64.Build.0 = RelWithDebInfo|x64
		{8B34DC3F-9B97-3F80-804F-CFDF083D0914}.Debug|x64.ActiveCfg = Debug|x64
		{8B34DC3F-9B97-3F80-804F-CFDF083D0914}.Debug|x64.Build.0 = Debug|x64
		{8B34DC3F-9B97-3F80-804F-CFDF083D0914}.Release|x64.ActiveCfg = Release|x64
		{8B34DC3F-9B97-3F80-804F-CFDF083D0914}.Release|x64.Build.0 = Release|x64
		{8B34DC3F-9B97-3F80-804F-CFDF083D0914}.MinSizeRel|x64.ActiveCfg = MinSizeRel|x64
		{8B34DC3F-9B97-3F80-804F-CFDF083D0914}.MinSizeRel|x64.Build.0 = MinSizeRel|x64
		{8B34DC3F-9B97-3F80-804F-CFDF083D0914}.RelWithDebInfo|x64.ActiveCfg = RelWithDebInfo|x64
		{8B34DC3F-9B97-3F80-804F-CFDF083D0914}.RelWithDebInfo|x64.Build.0 = RelWithDebInfo|x64
		{094EDCD5-4009-3D6A-9D71-5BD7F34013E7}.Debug|x64.ActiveCfg = Debug|x64
		{094EDCD5-4009-3D6A-9D71-5BD7F34013E7}.Debug|x64.Build.0 = Debug|x64
		{094EDCD5-4009-3D6A-9D71-5BD7F34013E7}.Release|x64.ActiveCfg = Release|x64
		{094EDCD5-4009-3D6A-9D71-5BD7F34013E7}.Release|x64.Build.0 = Release|x64
		{094EDCD5-4009-3D6A-9D71-5BD7F34013E7}.MinSizeRel|x64.ActiveCfg = MinSizeRel|x64
		{094EDCD5-4009-3D6A-9D71-5BD7F34013E7}.MinSizeRel|x64.Build.0 = MinSizeRel|x64
		{094EDCD5-4009-3D6A-9D71-5BD7F34013E7}.RelWithDebInfo|x64.ActiveCfg = RelWithDebInfo|x64
		{094EDCD5-4009-3D6A-9D71-5BD7F34013E7}.RelWithDebInfo|x64.Build.0 = RelWithDebInfo|x64
		{DB089834-9286-3062-ADD9-ADD15725170D}.Debug|x64.ActiveCfg = Debug|x64
		{DB089834-9286-3062-ADD9-ADD15725170D}.Debug|x64.Build.0 = Debug|x64
		{DB089834-9286-3062-ADD9-ADD15725170D}.Release|x64.ActiveCfg = Release|x64
		{DB089834-9286-3062-ADD9-ADD15725170D}.Release|x64.Build.0 = Release|x64
		{DB089834-9286-3062-ADD9-ADD15725170D}.MinSizeRel|x64.ActiveCfg = MinSizeRel|x64
		{DB089834-9286-3062-ADD9-ADD15725170D}.MinSizeRel|x64.Build.0 = MinSizeRel|x64
		{DB089834-9286-3062-ADD9-ADD15725170D}.RelWithDebInfo|x64.ActiveCfg = RelWithDebInfo|x64
		{DB089834-9286-3062-ADD9-ADD15725170D}.RelWithDebInfo|x64.Build.0 = RelWithDebInfo|x64
		{E3C05E01-E565-30E2-99A3-18BC7D48F394}.Debug|x64.ActiveCfg = Debug|x64
		{E3C05E01-E565-30E2-99A3-18BC7D48F394}.Debug|x64.Build.0 = Debug|x64
		{E3C05E01-E565-30E2-99A3-18BC7D48F394}.Release|x64.ActiveCfg = Release|x64
		{E3C05E01-E565-30E2-99A3-18BC7D48F394}.Release|x64.Build.0 = Release|x64
		{E3C05E01-E565-30E2-99A3-18BC7D48F394}.MinSizeRel|x64.ActiveCfg = MinSizeRel|x64
		{E3C05E01-E565-30E2-99A3-18BC7D48F394}.MinSizeRel|x64.Build.0 = MinSizeRel|x64
		{E3C05E01-E565-30E2-99A3-18BC7D48F394}.RelWithDebInfo|x64.ActiveCfg = RelWithDebInfo|x64
		{E3C05E01-E565-30E2-99A3-18BC7D48F394}.RelWithDebInfo|x64.Build.0 = RelWithDebInfo|x64
		{36E87835-0CFE-322F-8DD5-348C10C1F015}.Debug|x64.ActiveCfg = Debug|x64
		{36E87835-0CFE-322F-8DD5-348C10C1F015}.Debug|x64.Build.0 = Debug|x64
		{36E87835-0CFE-322F-8DD5-348C10C1F015}.Release|x64.ActiveCfg = Release|x64
		{36E87835-0CFE-322F-8DD5-348C10C1F015}.Release|x64.Build.0 = Release|x64
		{36E87835-0CFE-322F-8DD5-348C10C1F015}.MinSizeRel|x64.ActiveCfg = MinSizeRel|x64
		{36E87835-0CFE-322F-8DD5-348C10C1F015}.MinSizeRel|x64.Build.0 = MinSizeRel|x64
		{36E87835-0CFE-322F-8DD5-348C10C1F015}.RelWithDebInfo|x64.ActiveCfg = RelWithDebInfo|x64
		{36E87835-0CFE-322F-8DD5-348C10C1F015}.RelWithDebInfo|x64.Build.0 = RelWithDebInfo|x64
		{2C8CBE48-94E7-386D-8E62-B4D0C2F9449E}.Debug|x64.ActiveCfg = Debug|x64
		{2C8CBE48-94E7-386D-8E62-B4D0C2F9449E}.Debug|x64.Build.0 = Debug|x64
		{2C8CBE48-94E7-386D-8E62-B4D0C2F9449E}.Release|x64.ActiveCfg = Release|x64
		{2C8CBE48-94E7-386D-8E62-B4D0C2F9449E}.Release|x64.Build.0 = Release|x64
		{2C8CBE48-94E7-386D-8E62-B4D0C2F9449E}.MinSizeRel|x64.ActiveCfg = MinSizeRel|x64
		{2C8CBE48-94E7-386D-8E62-B4D0C2F9449E}.MinSizeRel|x64.Build.0 = MinSizeRel|x64
		{2C8CBE48-94E7-386D-8E62-B4D0C2F9449E}.RelWithDebInfo|x64.ActiveCfg = RelWithDebInfo|x64
		{2C8CBE48-94E7-386D-8E62-B4D0C2F9449E}.RelWithDebInfo|x64.Build.0 = RelWithDebInfo|x64
		{40915615-8897-3833-AFE7-4A276E0CC6A9}.Debug|x64.ActiveCfg = Debug|x64
		{40915615-8897-3833-AFE7-4A276E0CC6A9}.Debug|x64.Build.0 = Debug|x64
		{40915615-8897-3833-AFE7-4A276E0CC6A9}.Release|x64.ActiveCfg = Release|x64
		{40915615-8897-3833-AFE7-4A276E0CC6A9}.Release|x64.Build.0 = Release|x64
		{40915615-8897-3833-AFE7-4A276E0CC6A9}.MinSizeRel|x64.ActiveCfg = MinSizeRel|x64
		{40915615-8897-3833-AFE7-4A276E0CC6A9}.MinSizeRel|x64.Build.0 = MinSizeRel|x64
		{40915615-8897-3833-AFE7-4A276E0CC6A9}.RelWithDebInfo|x64.ActiveCfg = RelWithDebInfo|x64
		{40915615-8897-3833-AFE7-4A276E0CC6A9}.RelWithDebInfo|x64.Build.0 = RelWithDebInfo|x64
		{68E946FB-BE0A-3859-AFC3-3893D4E2E408}.Debug|x64.ActiveCfg = Debug|x64
		{68E946FB-BE0A-3859-AFC3-3893D4E2E408}.Debug|x64.Build.0 = Debug|x64
		{68E946FB-BE0A-3859-AFC3-3893D4E2E408}.Release|x64.ActiveCfg = Release|x64
		{68E946FB-BE0A-3859-AFC3-3893D4E2E408}.Release|x64.Build.0 = Release|x64
		{68E946FB-BE0A-3859-AFC3-3893D4E2E408}.MinSizeRel|x64.ActiveCfg = MinSizeRel|x64
		{68E946FB-BE0A-3859-AFC3-3893D4E2E408}.MinSizeRel|x64.Build.0 = MinSizeRel|x64
		{68E946FB-BE0A-3859-AFC3-3893D4E2E408}.RelWithDebInfo|x64.ActiveCfg = RelWithDebInfo|x64
		{68E946FB-BE0A-3859-AFC3-3893D4E2E408}.RelWithDebInfo|x64.Build.0 = RelWithDebInfo|x64
		{C6076136-3385-3EE7-98E6-FEFB49F47597}.Debug|x64.ActiveCfg = Debug|x64
		{C6076136-3385-3EE7-98E6-FEFB49F47597}.Debug|x64.Build.0 = Debug|x64
		{C6076136-3385-3EE7-98E6-FEFB49F47597}.Release|x64.ActiveCfg = Release|x64
		{C6076136-3385-3EE7-98E6-FEFB49F47597}.Release|x64.Build.0 = Release|x64
		{C6076136-3385-3EE7-98E6-FEFB49F47597}.MinSizeRel|x64.ActiveCfg = MinSizeRel|x64
		{C6076136-3385-3EE7-98E6-FEFB49F47597}.MinSizeRel|x64.Build.0 = MinSizeRel|x64
		{C6076136-3385-3EE7-98E6-FEFB49F47597}.RelWithDebInfo|x64.ActiveCfg = RelWithDebInfo|x64
		{C6076136-3385-3EE7-98E6-FEFB49F47597}.RelWithDebInfo|x64.Build.0 = RelWithDebInfo|x64
		{1DC256CB-012E-3209-B33B-697F60335D2D}.Debug|x64.ActiveCfg = Debug|x64
		{1DC256CB-012E-3209-B33B-697F60335D2D}.Debug|x64.Build.0 = Debug|x64
		{1DC256CB-012E-3209-B33B-697F60335D2D}.Release|x64.ActiveCfg = Release|x64
		{1DC256CB-012E-3209-B33B-697F60335D2D}.Release|x64.Build.0 = Release|x64
		{1DC256CB-012E-3209-B33B-697F60335D2D}.MinSizeRel|x64.ActiveCfg = MinSizeRel|x64
		{1DC256CB-012E-3209-B33B-697F60335D2D}.MinSizeRel|x64.Build.0 = MinSizeRel|x64
		{1DC256CB-012E-3209-B33B-697F60335D2D}.RelWithDebInfo|x64.ActiveCfg = RelWithDebInfo|x64
		{1DC256CB-012E-3209-B33B-697F60335D2D}.RelWithDebInfo|x64.Build.0 = RelWithDebInfo|x64
		{11C482C1-9BF8-3673-93D9-2FBA3D1C5BF9}.Debug|x64.ActiveCfg = Debug|x64
		{11C482C1-9BF8-3673-93D9-2FBA3D1C5BF9}.Debug|x64.Build.0 = Debug|x64
		{11C482C1-9BF8-3673-93D9-2FBA3D1C5BF9}.Release|x64.ActiveCfg = Release|x64
		{11C482C1-9BF8-3673-93D9-2FBA3D1C5BF9}.Release|x64.Build.0 = Release|x64
		{11C482C1-9BF8-3673-93D9-2FBA3D1C5BF9}.MinSizeRel|x64.ActiveCfg = MinSizeRel|x64
		{11C482C1-9BF8-3673-93D9-2FBA3D1C5BF9}.MinSizeRel|x64.Build.0 = MinSizeRel|x64
		{11C482C1-9BF8-3673-93D9-2FBA3D1C5BF9}.RelWithDebInfo|x64.ActiveCfg = RelWithDebInfo|x64
		{11C482C1-9BF8-3673-93D9-2FBA3D1C5BF9}.RelWithDebInfo|x64.Build.0 = RelWithDebInfo|x64
		{76B656F2-A602-3AF7-84F6-84B5DAD8C2FD}.Debug|x64.ActiveCfg = Debug|x64
		{76B656F2-A602-3AF7-84F6-84B5DAD8C2FD}.Debug|x64.Build.0 = Debug|x64
		{76B656F2-A602-3AF7-84F6-84B5DAD8C2FD}.Release|x64.ActiveCfg = Release|x64
		{76B656F2-A602-3AF7-84F6-84B5DAD8C2FD}.Release|x64.Build.0 = Release|x64
		{76B656F2-A602-3AF7-84F6-84B5DAD8C2FD}.MinSizeRel|x64.ActiveCfg = MinSizeRel|x64
		{76B656F2-A602-3AF7-84F6-84B5DAD8C2FD}.MinSizeRel|x64.Build.0 = MinSizeRel|x64
		{76B656F2-A602-3AF7-84F6-84B5DAD8C2FD}.RelWithDebInfo|x64.ActiveCfg = RelWithDebInfo|x64
		{76B656F2-A602-3AF7-84F6-84B5DAD8C2FD}.RelWithDebInfo|x64.Build.0 = RelWithDebInfo|x64
		{0A83E04E-6329-3E77-8E3C-3664D49E8362}.Debug|x64.ActiveCfg = Debug|x64
		{0A83E04E-6329-3E77-8E3C-3664D49E8362}.Debug|x64.Build.0 = Debug|x64
		{0A83E04E-6329-3E77-8E3C-3664D49E8362}.Release|x64.ActiveCfg = Release|x64
		{0A83E04E-6329-3E77-8E3C-3664D49E8362}.Release|x64.Build.0 = Release|x64
		{0A83E04E-6329-3E77-8E3C-3664D49E8362}.MinSizeRel|x64.ActiveCfg = MinSizeRel|x64
		{0A83E04E-6329-3E77-8E3C-3664D49E8362}.MinSizeRel|x64.Build.0 = MinSizeRel|x64
		{0A83E04E-6329-3E77-8E3C-3664D49E8362}.RelWithDebInfo|x64.ActiveCfg = RelWithDebInfo|x64
		{0A83E04E-6329-3E77-8E3C-3664D49E8362}.RelWithDebInfo|x64.Build.0 = RelWithDebInfo|x64
		{A4892123-ED1B-3044-9E88-BEB11F755536}.Debug|x64.ActiveCfg = Debug|x64
		{A4892123-ED1B-3044-9E88-BEB11F755536}.Debug|x64.Build.0 = Debug|x64
		{A4892123-ED1B-3044-9E88-BEB11F755536}.Release|x64.ActiveCfg = Release|x64
		{A4892123-ED1B-3044-9E88-BEB11F755536}.Release|x64.Build.0 = Release|x64
		{A4892123-ED1B-3044-9E88-BEB11F755536}.MinSizeRel|x64.ActiveCfg = MinSizeRel|x64
		{A4892123-ED1B-3044-9E88-BEB11F755536}.MinSizeRel|x64.Build.0 = MinSizeRel|x64
		{A4892123-ED1B-3044-9E88-BEB11F755536}.RelWithDebInfo|x64.ActiveCfg = RelWithDebInfo|x64
		{A4892123-ED1B-3044-9E88-BEB11F755536}.RelWithDebInfo|x64.Build.0 = RelWithDebInfo|x64
		{81CA9D67-5F80-38B6-ABC0-EFB6D465FD38}.Debug|x64.ActiveCfg = Debug|x64
		{81CA9D67-5F80-38B6-ABC0-EFB6D465FD38}.Debug|x64.Build.0 = Debug|x64
		{81CA9D67-5F80-38B6-ABC0-EFB6D465FD38}.Release|x64.ActiveCfg = Release|x64
		{81CA9D67-5F80-38B6-ABC0-EFB6D465FD38}.Release|x64.Build.0 = Release|x64
		{81CA9D67-5F80-38B6-ABC0-EFB6D465FD38}.MinSizeRel|x64.ActiveCfg = MinSizeRel|x64
		{81CA9D67-5F80-38B6-ABC0-EFB6D465FD38}.MinSizeRel|x64.Build.0 = MinSizeRel|x64
		{81CA9D67-5F80-38B6-ABC0-EFB6D465FD38}.RelWithDebInfo|x64.ActiveCfg = RelWithDebInfo|x64
		{81CA9D67-5F80-38B6-ABC0-EFB6D465FD38}.RelWithDebInfo|x64.Build.0 = RelWithDebInfo|x64
		{9FB786F5-A978-3AA0-ACD1-C597E72D9C8F}.Debug|x64.ActiveCfg = Debug|x64
		{9FB786F5-A978-3AA0-ACD1-C597E72D9C8F}.Debug|x64.Build.0 = Debug|x64
		{9FB786F5-A978-3AA0-ACD1-C597E72D9C8F}.Release|x64.ActiveCfg = Release|x64
		{9FB786F5-A978-3AA0-ACD1-C597E72D9C8F}.Release|x64.Build.0 = Release|x64
		{9FB786F5-A978-3AA0-ACD1-C597E72D9C8F}.MinSizeRel|x64.ActiveCfg = MinSizeRel|x64
		{9FB786F5-A978-3AA0-ACD1-C597E72D9C8F}.MinSizeRel|x64.Build.0 = MinSizeRel|x64
		{9FB786F5-A978-3AA0-ACD1-C597E72D9C8F}.RelWithDebInfo|x64.ActiveCfg = RelWithDebInfo|x64
		{9FB786F5-A978-3AA0-ACD1-C597E72D9C8F}.RelWithDebInfo|x64.Build.0 = RelWithDebInfo|x64
		{BC346D64-0400-3924-BF51-05F863D10CBC}.Debug|x64.ActiveCfg = Debug|x64
		{BC346D64-0400-3924-BF51-05F863D10CBC}.Debug|x64.Build.0 = Debug|x64
		{BC346D64-0400-3924-BF51-05F863D10CBC}.Release|x64.ActiveCfg = Release|x64
		{BC346D64-0400-3924-BF51-05F863D10CBC}.Release|x64.Build.0 = Release|x64
		{BC346D64-0400-3924-BF51-05F863D10CBC}.MinSizeRel|x64.ActiveCfg = MinSizeRel|x64
		{BC346D64-0400-3924-BF51-05F863D10CBC}.MinSizeRel|x64.Build.0 = MinSizeRel|x64
		{BC346D64-0400-3924-BF51-05F863D10CBC}.RelWithDebInfo|x64.ActiveCfg = RelWithDebInfo|x64
		{BC346D64-0400-3924-BF51-05F863D10CBC}.RelWithDebInfo|x64.Build.0 = RelWithDebInfo|x64
		{D64BF82C-BF77-30D2-BBCF-8B57129E830F}.Debug|x64.ActiveCfg = Debug|x64
		{D64BF82C-BF77-30D2-BBCF-8B57129E830F}.Debug|x64.Build.0 = Debug|x64
		{D64BF82C-BF77-30D2-BBCF-8B57129E830F}.Release|x64.ActiveCfg = Release|x64
		{D64BF82C-BF77-30D2-BBCF-8B57129E830F}.Release|x64.Build.0 = Release|x64
		{D64BF82C-BF77-30D2-BBCF-8B57129E830F}.MinSizeRel|x64.ActiveCfg = MinSizeRel|x64
		{D64BF82C-BF77-30D2-BBCF-8B57129E830F}.MinSizeRel|x64.Build.0 = MinSizeRel|x64
		{D64BF82C-BF77-30D2-BBCF-8B57129E830F}.RelWithDebInfo|x64.ActiveCfg = RelWithDebInfo|x64
		{D64BF82C-BF77-30D2-BBCF-8B57129E830F}.RelWithDebInfo|x64.Build.0 = RelWithDebInfo|x64
		{054248A4-72FB-389A-9FF7-53F420410F93}.Debug|x64.ActiveCfg = Debug|x64
		{054248A4-72FB-389A-9FF7-53F420410F93}.Debug|x64.Build.0 = Debug|x64
		{054248A4-72FB-389A-9FF7-53F420410F93}.Release|x64.ActiveCfg = Release|x64
		{054248A4-72FB-389A-9FF7-53F420410F93}.Release|x64.Build.0 = Release|x64
		{054248A4-72FB-389A-9FF7-53F420410F93}.MinSizeRel|x64.ActiveCfg = MinSizeRel|x64
		{054248A4-72FB-389A-9FF7-53F420410F93}.MinSizeRel|x64.Build.0 = MinSizeRel|x64
		{054248A4-72FB-389A-9FF7-53F420410F93}.RelWithDebInfo|x64.ActiveCfg = RelWithDebInfo|x64
		{054248A4-72FB-389A-9FF7-53F420410F93}.RelWithDebInfo|x64.Build.0 = RelWithDebInfo|x64
		{16D0F6E8-64B7-3409-8A87-A52981AE8F42}.Debug|x64.ActiveCfg = Debug|x64
		{16D0F6E8-64B7-3409-8A87-A52981AE8F42}.Debug|x64.Build.0 = Debug|x64
		{16D0F6E8-64B7-3409-8A87-A52981AE8F42}.Release|x64.ActiveCfg = Release|x64
		{16D0F6E8-64B7-3409-8A87-A52981AE8F42}.Release|x64.Build.0 = Release|x64
		{16D0F6E8-64B7-3409-8A87-A52981AE8F42}.MinSizeRel|x64.ActiveCfg = MinSizeRel|x64
		{16D0F6E8-64B7-3409-8A87-A52981AE8F42}.MinSizeRel|x64.Build.0 = MinSizeRel|x64
		{16D0F6E8-64B7-3409-8A87-A52981AE8F42}.RelWithDebInfo|x64.ActiveCfg = RelWithDebInfo|x64
		{16D0F6E8-64B7-3409-8A87-A52981AE8F42}.RelWithDebInfo|x64.Build.0 = RelWithDebInfo|x64
		{ADBC41E0-20E5-3D1C-B128-DD1F17A91ABB}.Debug|x64.ActiveCfg = Debug|x64
		{ADBC41E0-20E5-3D1C-B128-DD1F17A91ABB}.Debug|x64.Build.0 = Debug|x64
		{ADBC41E0-20E5-3D1C-B128-DD1F17A91ABB}.Release|x64.ActiveCfg = Release|x64
		{ADBC41E0-20E5-3D1C-B128-DD1F17A91ABB}.Release|x64.Build.0 = Release|x64
		{ADBC41E0-20E5-3D1C-B128-DD1F17A91ABB}.MinSizeRel|x64.ActiveCfg = MinSizeRel|x64
		{ADBC41E0-20E5-3D1C-B128-DD1F17A91ABB}.MinSizeRel|x64.Build.0 = MinSizeRel|x64
		{ADBC41E0-20E5-3D1C-B128-DD1F17A91ABB}.RelWithDebInfo|x64.ActiveCfg = RelWithDebInfo|x64
		{ADBC41E0-20E5-3D1C-B128-DD1F17A91ABB}.RelWithDebInfo|x64.Build.0 = RelWithDebInfo|x64
		{643DD1C5-3BEC-3A47-9206-2EBBC867AB3D}.Debug|x64.ActiveCfg = Debug|x64
		{643DD1C5-3BEC-3A47-9206-2EBBC867AB3D}.Debug|x64.Build.0 = Debug|x64
		{643DD1C5-3BEC-3A47-9206-2EBBC867AB3D}.Release|x64.ActiveCfg = Release|x64
		{643DD1C5-3BEC-3A47-9206-2EBBC867AB3D}.Release|x64.Build.0 = Release|x64
		{643DD1C5-3BEC-3A47-9206-2EBBC867AB3D}.MinSizeRel|x64.ActiveCfg = MinSizeRel|x64
		{643DD1C5-3BEC-3A47-9206-2EBBC867AB3D}.MinSizeRel|x64.Build.0 = MinSizeRel|x64
		{643DD1C5-3BEC-3A47-9206-2EBBC867AB3D}.RelWithDebInfo|x64.ActiveCfg = RelWithDebInfo|x64
		{643DD1C5-3BEC-3A47-9206-2EBBC867AB3D}.RelWithDebInfo|x64.Build.0 = RelWithDebInfo|x64
		{535A8B8F-D787-3A10-BC58-8E65DF8350EB}.Debug|x64.ActiveCfg = Debug|x64
		{535A8B8F-D787-3A10-BC58-8E65DF8350EB}.Debug|x64.Build.0 = Debug|x64
		{535A8B8F-D787-3A10-BC58-8E65DF8350EB}.Release|x64.ActiveCfg = Release|x64
		{535A8B8F-D787-3A10-BC58-8E65DF8350EB}.Release|x64.Build.0 = Release|x64
		{535A8B8F-D787-3A10-BC58-8E65DF8350EB}.MinSizeRel|x64.ActiveCfg = MinSizeRel|x64
		{535A8B8F-D787-3A10-BC58-8E65DF8350EB}.MinSizeRel|x64.Build.0 = MinSizeRel|x64
		{535A8B8F-D787-3A10-BC58-8E65DF8350EB}.RelWithDebInfo|x64.ActiveCfg = RelWithDebInfo|x64
		{535A8B8F-D787-3A10-BC58-8E65DF8350EB}.RelWithDebInfo|x64.Build.0 = RelWithDebInfo|x64
		{DB3C0722-CAB1-35DC-B705-5EE784DA8FEE}.Debug|x64.ActiveCfg = Debug|x64
		{DB3C0722-CAB1-35DC-B705-5EE784DA8FEE}.Release|x64.ActiveCfg = Release|x64
		{DB3C0722-CAB1-35DC-B705-5EE784DA8FEE}.MinSizeRel|x64.ActiveCfg = MinSizeRel|x64
		{DB3C0722-CAB1-35DC-B705-5EE784DA8FEE}.RelWithDebInfo|x64.ActiveCfg = RelWithDebInfo|x64
		{320CFFE8-8771-3827-9FE4-55816E319532}.Debug|x64.ActiveCfg = Debug|x64
		{320CFFE8-8771-3827-9FE4-55816E319532}.Release|x64.ActiveCfg = Release|x64
		{320CFFE8-8771-3827-9FE4-55816E319532}.MinSizeRel|x64.ActiveCfg = MinSizeRel|x64
		{320CFFE8-8771-3827-9FE4-55816E319532}.RelWithDebInfo|x64.ActiveCfg = RelWithDebInfo|x64
		{01A0A32D-2BE8-3F5B-AE12-ADBA956C2B8F}.Debug|x64.ActiveCfg = Debug|x64
		{01A0A32D-2BE8-3F5B-AE12-ADBA956C2B8F}.Debug|x64.Build.0 = Debug|x64
		{01A0A32D-2BE8-3F5B-AE12-ADBA956C2B8F}.Release|x64.ActiveCfg = Release|x64
		{01A0A32D-2BE8-3F5B-AE12-ADBA956C2B8F}.Release|x64.Build.0 = Release|x64
		{01A0A32D-2BE8-3F5B-AE12-ADBA956C2B8F}.MinSizeRel|x64.ActiveCfg = MinSizeRel|x64
		{01A0A32D-2BE8-3F5B-AE12-ADBA956C2B8F}.MinSizeRel|x64.Build.0 = MinSizeRel|x64
		{01A0A32D-2BE8-3F5B-AE12-ADBA956C2B8F}.RelWithDebInfo|x64.ActiveCfg = RelWithDebInfo|x64
		{01A0A32D-2BE8-3F5B-AE12-ADBA956C2B8F}.RelWithDebInfo|x64.Build.0 = RelWithDebInfo|x64
		{E6F96C37-7F24-33D2-B17C-EEDB351DD9F9}.Debug|x64.ActiveCfg = Debug|x64
		{E6F96C37-7F24-33D2-B17C-EEDB351DD9F9}.Debug|x64.Build.0 = Debug|x64
		{E6F96C37-7F24-33D2-B17C-EEDB351DD9F9}.Release|x64.ActiveCfg = Release|x64
		{E6F96C37-7F24-33D2-B17C-EEDB351DD9F9}.Release|x64.Build.0 = Release|x64
		{E6F96C37-7F24-33D2-B17C-EEDB351DD9F9}.MinSizeRel|x64.ActiveCfg = MinSizeRel|x64
		{E6F96C37-7F24-33D2-B17C-EEDB351DD9F9}.MinSizeRel|x64.Build.0 = MinSizeRel|x64
		{E6F96C37-7F24-33D2-B17C-EEDB351DD9F9}.RelWithDebInfo|x64.ActiveCfg = RelWithDebInfo|x64
		{E6F96C37-7F24-33D2-B17C-EEDB351DD9F9}.RelWithDebInfo|x64.Build.0 = RelWithDebInfo|x64
		{01A54B23-8E6D-3213-8E18-1F1CD500A0B1}.Debug|x64.ActiveCfg = Debug|x64
		{01A54B23-8E6D-3213-8E18-1F1CD500A0B1}.Debug|x64.Build.0 = Debug|x64
		{01A54B23-8E6D-3213-8E18-1F1CD500A0B1}.Release|x64.ActiveCfg = Release|x64
		{01A54B23-8E6D-3213-8E18-1F1CD500A0B1}.Release|x64.Build.0 = Release|x64
		{01A54B23-8E6D-3213-8E18-1F1CD500A0B1}.MinSizeRel|x64.ActiveCfg = MinSizeRel|x64
		{01A54B23-8E6D-3213-8E18-1F1CD500A0B1}.MinSizeRel|x64.Build.0 = MinSizeRel|x64
		{01A54B23-8E6D-3213-8E18-1F1CD500A0B1}.RelWithDebInfo|x64.ActiveCfg = RelWithDebInfo|x64
		{01A54B23-8E6D-3213-8E18-1F1CD500A0B1}.RelWithDebInfo|x64.Build.0 = RelWithDebInfo|x64
	EndGlobalSection
	GlobalSection(NestedProjects) = preSolution
		{6F17C0A7-33F9-393A-9BD2-90F972D03A19} = {E5A47814-9031-3C3E-8BCF-1C2EED54F988}
		{66698464-8426-3EA4-BFE0-AD92DD0065CE} = {E5A47814-9031-3C3E-8BCF-1C2EED54F988}
		{E631B937-A59A-39AD-BE13-5DF2BCCFDB3C} = {E5A47814-9031-3C3E-8BCF-1C2EED54F988}
		{1DF7CA99-5A78-38D9-8122-BCBD664F5040} = {8132C1CB-FC14-3225-A9DC-1828BC9CF592}
		{16D64302-7E07-3C7C-912A-9B030B958C6F} = {8132C1CB-FC14-3225-A9DC-1828BC9CF592}
		{DB089834-9286-3062-ADD9-ADD15725170D} = {8132C1CB-FC14-3225-A9DC-1828BC9CF592}
		{DB3C0722-CAB1-35DC-B705-5EE784DA8FEE} = {8132C1CB-FC14-3225-A9DC-1828BC9CF592}
		{320CFFE8-8771-3827-9FE4-55816E319532} = {8132C1CB-FC14-3225-A9DC-1828BC9CF592}
		{A88D8C99-C348-3F2D-893D-B21C3EB06E74} = {1DF7CA99-5A78-38D9-8122-BCBD664F5040}
		{094EDCD5-4009-3D6A-9D71-5BD7F34013E7} = {1DF7CA99-5A78-38D9-8122-BCBD664F5040}
		{36E87835-0CFE-322F-8DD5-348C10C1F015} = {1DF7CA99-5A78-38D9-8122-BCBD664F5040}
		{76B656F2-A602-3AF7-84F6-84B5DAD8C2FD} = {1DF7CA99-5A78-38D9-8122-BCBD664F5040}
		{0A83E04E-6329-3E77-8E3C-3664D49E8362} = {1DF7CA99-5A78-38D9-8122-BCBD664F5040}
		{81CA9D67-5F80-38B6-ABC0-EFB6D465FD38} = {1DF7CA99-5A78-38D9-8122-BCBD664F5040}
		{9FB786F5-A978-3AA0-ACD1-C597E72D9C8F} = {1DF7CA99-5A78-38D9-8122-BCBD664F5040}
		{ADBC41E0-20E5-3D1C-B128-DD1F17A91ABB} = {1DF7CA99-5A78-38D9-8122-BCBD664F5040}
		{643DD1C5-3BEC-3A47-9206-2EBBC867AB3D} = {1DF7CA99-5A78-38D9-8122-BCBD664F5040}
		{01A0A32D-2BE8-3F5B-AE12-ADBA956C2B8F} = {1DF7CA99-5A78-38D9-8122-BCBD664F5040}
		{01A54B23-8E6D-3213-8E18-1F1CD500A0B1} = {1DF7CA99-5A78-38D9-8122-BCBD664F5040}
		{89BF7A8B-8854-3E19-B1C2-4FB2FFFB224D} = {16D64302-7E07-3C7C-912A-9B030B958C6F}
		{B505F7B5-49E8-3FAA-BF47-AB4DDF7B0496} = {16D64302-7E07-3C7C-912A-9B030B958C6F}
		{9BCCC796-BDDA-3154-8B04-3104FFE3EEBF} = {16D64302-7E07-3C7C-912A-9B030B958C6F}
		{96F131DC-B38A-3A6A-B039-43E20A962234} = {16D64302-7E07-3C7C-912A-9B030B958C6F}
		{475294E2-EDEA-33C4-9F3F-D58FC9CC2C54} = {16D64302-7E07-3C7C-912A-9B030B958C6F}
		{8B34DC3F-9B97-3F80-804F-CFDF083D0914} = {16D64302-7E07-3C7C-912A-9B030B958C6F}
		{E3C05E01-E565-30E2-99A3-18BC7D48F394} = {16D64302-7E07-3C7C-912A-9B030B958C6F}
		{2C8CBE48-94E7-386D-8E62-B4D0C2F9449E} = {16D64302-7E07-3C7C-912A-9B030B958C6F}
		{40915615-8897-3833-AFE7-4A276E0CC6A9} = {16D64302-7E07-3C7C-912A-9B030B958C6F}
		{68E946FB-BE0A-3859-AFC3-3893D4E2E408} = {16D64302-7E07-3C7C-912A-9B030B958C6F}
		{C6076136-3385-3EE7-98E6-FEFB49F47597} = {16D64302-7E07-3C7C-912A-9B030B958C6F}
		{1DC256CB-012E-3209-B33B-697F60335D2D} = {16D64302-7E07-3C7C-912A-9B030B958C6F}
		{11C482C1-9BF8-3673-93D9-2FBA3D1C5BF9} = {16D64302-7E07-3C7C-912A-9B030B958C6F}
		{A4892123-ED1B-3044-9E88-BEB11F755536} = {16D64302-7E07-3C7C-912A-9B030B958C6F}
		{BC346D64-0400-3924-BF51-05F863D10CBC} = {16D64302-7E07-3C7C-912A-9B030B958C6F}
		{D64BF82C-BF77-30D2-BBCF-8B57129E830F} = {16D64302-7E07-3C7C-912A-9B030B958C6F}
		{054248A4-72FB-389A-9FF7-53F420410F93} = {16D64302-7E07-3C7C-912A-9B030B958C6F}
		{16D0F6E8-64B7-3409-8A87-A52981AE8F42} = {16D64302-7E07-3C7C-912A-9B030B958C6F}
		{535A8B8F-D787-3A10-BC58-8E65DF8350EB} = {16D64302-7E07-3C7C-912A-9B030B958C6F}
		{E6F96C37-7F24-33D2-B17C-EEDB351DD9F9} = {16D64302-7E07-3C7C-912A-9B030B958C6F}
	EndGlobalSection
	GlobalSection(ExtensibilityGlobals) = postSolution
		SolutionGuid = {4F8B2EB8-2583-3195-8E27-C16B31C2F874}
	EndGlobalSection
	GlobalSection(ExtensibilityAddIns) = postSolution
	EndGlobalSection
EndGlobal
