<?xml version="1.0" encoding="utf-8"?>
<Project ToolsVersion="17.0" xmlns="http://schemas.microsoft.com/developer/msbuild/2003">
  <ItemGroup>
    <CustomBuild Include="G:\Projects\School\VulkanRaytraceC++\ExternalLibraries\CompiledLibraries\Comp_GLFW\CMakeFiles\3b829ddcbc63d6f1b9cbccad500db0ff\uninstall.rule">
      <Filter>CMake Rules</Filter>
    </CustomBuild>
    <CustomBuild Include="G:\Projects\School\VulkanRaytraceC++\ExternalLibraries\SourceLibraries\GLFW\CMakeLists.txt" />
  </ItemGroup>
  <ItemGroup>
    <None Include="G:\Projects\School\VulkanRaytraceC++\ExternalLibraries\CompiledLibraries\Comp_GLFW\CMakeFiles\uninstall" />
  </ItemGroup>
  <ItemGroup>
    <Filter Include="CMake Rules">
      <UniqueIdentifier>{98C5EF2D-3598-3650-A667-F24049A43573}</UniqueIdentifier>
    </Filter>
  </ItemGroup>
</Project>
